
Microsoft Visual Studio Solution File, Format Version 12.00
# Visual Studio Version 17
VisualStudioVersion = 17.7.34202.233
MinimumVisualStudioVersion = 10.0.40219.1
Project("{8BC9CEB8-8B4A-11D0-8D11-00A0C91BC942}") = "DMALibrary", "DMALibrary\DMALibrary.vcxproj", "{F02F56B1-10CD-4654-B744-93ABE6E15FF0}"
EndProject
Project("{8BC9CEB8-8B4A-11D0-8D11-00A0C91BC942}") = "Example", "Example\Example.vcxproj", "{E807BD8F-03DA-4ED7-9AA8-5C032E28DF0F}"
	ProjectSection(ProjectDependencies) = postProject
		{F02F56B1-10CD-4654-B744-93ABE6E15FF0} = {F02F56B1-10CD-4654-B744-93ABE6E15FF0}
	EndProjectSection
EndProject
Global
	GlobalSection(SolutionConfigurationPlatforms) = preSolution
		Debug|x64 = Debug|x64
		Debug|x86 = Debug|x86
		Release|x64 = Release|x64
		Release|x86 = Release|x86
	EndGlobalSection
	GlobalSection(ProjectConfigurationPlatforms) = postSolution
		{F02F56B1-10CD-4654-B744-93ABE6E15FF0}.Debug|x64.ActiveCfg = Debug|x64
		{F02F56B1-10CD-4654-B744-93ABE6E15FF0}.Debug|x64.Build.0 = Debug|x64
		{F02F56B1-10CD-4654-B744-93ABE6E15FF0}.Debug|x86.ActiveCfg = Debug|Win32
		{F02F56B1-10CD-4654-B744-93ABE6E15FF0}.Debug|x86.Build.0 = Debug|Win32
		{F02F56B1-10CD-4654-B744-93ABE6E15FF0}.Release|x64.ActiveCfg = Release|x64
		{F02F56B1-10CD-4654-B744-93ABE6E15FF0}.Release|x64.Build.0 = Release|x64
		{F02F56B1-10CD-4654-B744-93ABE6E15FF0}.Release|x86.ActiveCfg = Release|Win32
		{F02F56B1-10CD-4654-B744-93ABE6E15FF0}.Release|x86.Build.0 = Release|Win32
		{E807BD8F-03DA-4ED7-9AA8-5C032E28DF0F}.Debug|x64.ActiveCfg = Debug|x64
		{E807BD8F-03DA-4ED7-9AA8-5C032E28DF0F}.Debug|x64.Build.0 = Debug|x64
		{E807BD8F-03DA-4ED7-9AA8-5C032E28DF0F}.Debug|x86.ActiveCfg = Debug|Win32
		{E807BD8F-03DA-4ED7-9AA8-5C032E28DF0F}.Debug|x86.Build.0 = Debug|Win32
		{E807BD8F-03DA-4ED7-9AA8-5C032E28DF0F}.Release|x64.ActiveCfg = Release|x64
		{E807BD8F-03DA-4ED7-9AA8-5C032E28DF0F}.Release|x64.Build.0 = Release|x64
		{E807BD8F-03DA-4ED7-9AA8-5C032E28DF0F}.Release|x86.ActiveCfg = Release|Win32
		{E807BD8F-03DA-4ED7-9AA8-5C032E28DF0F}.Release|x86.Build.0 = Release|Win32
	EndGlobalSection
	GlobalSection(SolutionProperties) = preSolution
		HideSolutionNode = FALSE
	EndGlobalSection
	GlobalSection(ExtensibilityGlobals) = postSolution
		SolutionGuid = {3B6D421B-1CD9-4FE5-94A7-06CD15B48683}
	EndGlobalSection
EndGlobal
